
Microsoft Visual Studio Solution File, Format Version 11.00
# Visual Studio 2010
Project("{FAE04EC0-301F-11D3-BF4B-00C04F79EFBC}") = "Launcher", "Launcher\Launcher.csproj", "{A13122F2-4404-48E9-A9E3-CF41F8930840}"
	ProjectSection(ProjectDependencies) = postProject
		{50703E05-1562-4349-9CE5-D25A710EB63F} = {50703E05-1562-4349-9CE5-D25A710EB63F}
	EndProjectSection
EndProject
Project("{2150E333-8FDC-42A3-9474-1A3956D46DE8}") = "Solution Items", "Solution Items", "{0BCD7940-7175-46B1-ADBF-327953CFBCA5}"
	ProjectSection(SolutionItems) = preProject
		README.txt = README.txt
	EndProjectSection
EndProject
Project("{8BC9CEB8-8B4A-11D0-8D11-00A0C91BC942}") = "CLRBootstrap", "CLRBootstrap\CLRBootstrap.vcxproj", "{50703E05-1562-4349-9CE5-D25A710EB63F}"
EndProject
Global
	GlobalSection(SolutionConfigurationPlatforms) = preSolution
		Debug|Mixed Platforms = Debug|Mixed Platforms
		Debug|Win32 = Debug|Win32
		Debug|x86 = Debug|x86
		Release|Mixed Platforms = Release|Mixed Platforms
		Release|Win32 = Release|Win32
		Release|x86 = Release|x86
	EndGlobalSection
	GlobalSection(ProjectConfigurationPlatforms) = postSolution
		{A13122F2-4404-48E9-A9E3-CF41F8930840}.Debug|Mixed Platforms.ActiveCfg = Debug|x86
		{A13122F2-4404-48E9-A9E3-CF41F8930840}.Debug|Mixed Platforms.Build.0 = Debug|x86
		{A13122F2-4404-48E9-A9E3-CF41F8930840}.Debug|Win32.ActiveCfg = Debug|x86
		{A13122F2-4404-48E9-A9E3-CF41F8930840}.Debug|x86.ActiveCfg = Debug|x86
		{A13122F2-4404-48E9-A9E3-CF41F8930840}.Debug|x86.Build.0 = Debug|x86
		{A13122F2-4404-48E9-A9E3-CF41F8930840}.Release|Mixed Platforms.ActiveCfg = Release|x86
		{A13122F2-4404-48E9-A9E3-CF41F8930840}.Release|Mixed Platforms.Build.0 = Release|x86
		{A13122F2-4404-48E9-A9E3-CF41F8930840}.Release|Win32.ActiveCfg = Release|x86
		{A13122F2-4404-48E9-A9E3-CF41F8930840}.Release|x86.ActiveCfg = Release|x86
		{A13122F2-4404-48E9-A9E3-CF41F8930840}.Release|x86.Build.0 = Release|x86
		{50703E05-1562-4349-9CE5-D25A710EB63F}.Debug|Mixed Platforms.ActiveCfg = Debug|Win32
		{50703E05-1562-4349-9CE5-D25A710EB63F}.Debug|Mixed Platforms.Build.0 = Debug|Win32
		{50703E05-1562-4349-9CE5-D25A710EB63F}.Debug|Win32.ActiveCfg = Debug|Win32
		{50703E05-1562-4349-9CE5-D25A710EB63F}.Debug|Win32.Build.0 = Debug|Win32
		{50703E05-1562-4349-9CE5-D25A710EB63F}.Debug|x86.ActiveCfg = Debug|Win32
		{50703E05-1562-4349-9CE5-D25A710EB63F}.Release|Mixed Platforms.ActiveCfg = Release|Win32
		{50703E05-1562-4349-9CE5-D25A710EB63F}.Release|Mixed Platforms.Build.0 = Release|Win32
		{50703E05-1562-4349-9CE5-D25A710EB63F}.Release|Win32.ActiveCfg = Release|Win32
		{50703E05-1562-4349-9CE5-D25A710EB63F}.Release|Win32.Build.0 = Release|Win32
		{50703E05-1562-4349-9CE5-D25A710EB63F}.Release|x86.ActiveCfg = Release|Win32
	EndGlobalSection
	GlobalSection(SolutionProperties) = preSolution
		HideSolutionNode = FALSE
	EndGlobalSection
EndGlobal
